// !$*UTF8*$!
{
	archiveVersion = 1;
	classes = {
	};
	objectVersion = 46;
	objects = {

/* Begin PBXBuildFile section */
		820377E216DCF81600CABAFA /* star.png in Resources */ = {isa = PBXBuildFile; fileRef = 82757E9B1613370B0046C958 /* star.png */; };
		828A7E2D16132EE0002D1F39 /* UIKit.framework in Frameworks */ = {isa = PBXBuildFile; fileRef = 828A7E2C16132EE0002D1F39 /* UIKit.framework */; };
		828A7E2F16132EE0002D1F39 /* Foundation.framework in Frameworks */ = {isa = PBXBuildFile; fileRef = 828A7E2E16132EE0002D1F39 /* Foundation.framework */; };
		828A7E3116132EE0002D1F39 /* CoreGraphics.framework in Frameworks */ = {isa = PBXBuildFile; fileRef = 828A7E3016132EE0002D1F39 /* CoreGraphics.framework */; };
		82A8EB1D166F570A00E560E9 /* UIHorizontalLayout.m in Sources */ = {isa = PBXBuildFile; fileRef = 82A8EB1A166F570A00E560E9 /* UIHorizontalLayout.m */; };
		82A8EB1E166F570A00E560E9 /* UIVerticalLayout.m in Sources */ = {isa = PBXBuildFile; fileRef = 82A8EB1C166F570A00E560E9 /* UIVerticalLayout.m */; };
		82A8EB28166F59D100E560E9 /* AppDelegate.m in Sources */ = {isa = PBXBuildFile; fileRef = 82A8EB27166F59D100E560E9 /* AppDelegate.m */; };
		82A8EB2E166F59F000E560E9 /* ViewController.xib in Resources */ = {isa = PBXBuildFile; fileRef = 82A8EB2C166F59F000E560E9 /* ViewController.xib */; };
		82A8EB34166F5A3900E560E9 /* main.m in Sources */ = {isa = PBXBuildFile; fileRef = 82A8EB32166F5A3900E560E9 /* main.m */; };
		82A8EB38166F5A4C00E560E9 /* Default-568h@2x.png in Resources */ = {isa = PBXBuildFile; fileRef = 82A8EB35166F5A4C00E560E9 /* Default-568h@2x.png */; };
		82A8EB39166F5A4C00E560E9 /* Default.png in Resources */ = {isa = PBXBuildFile; fileRef = 82A8EB36166F5A4C00E560E9 /* Default.png */; };
		82A8EB3A166F5A4C00E560E9 /* Default@2x.png in Resources */ = {isa = PBXBuildFile; fileRef = 82A8EB37166F5A4C00E560E9 /* Default@2x.png */; };
		82A8EB3B166F5AE700E560E9 /* ViewController.m in Sources */ = {isa = PBXBuildFile; fileRef = 82A8EB2B166F59E700E560E9 /* ViewController.m */; };
/* End PBXBuildFile section */

/* Begin PBXFileReference section */
		82757E9B1613370B0046C958 /* star.png */ = {isa = PBXFileReference; lastKnownFileType = image.png; path = star.png; sourceTree = "<group>"; };
		828A7E2816132EE0002D1F39 /* KALayoutHelper.app */ = {isa = PBXFileReference; explicitFileType = wrapper.application; includeInIndex = 0; path = KALayoutHelper.app; sourceTree = BUILT_PRODUCTS_DIR; };
		828A7E2C16132EE0002D1F39 /* UIKit.framework */ = {isa = PBXFileReference; lastKnownFileType = wrapper.framework; name = UIKit.framework; path = System/Library/Frameworks/UIKit.framework; sourceTree = SDKROOT; };
		828A7E2E16132EE0002D1F39 /* Foundation.framework */ = {isa = PBXFileReference; lastKnownFileType = wrapper.framework; name = Foundation.framework; path = System/Library/Frameworks/Foundation.framework; sourceTree = SDKROOT; };
		828A7E3016132EE0002D1F39 /* CoreGraphics.framework */ = {isa = PBXFileReference; lastKnownFileType = wrapper.framework; name = CoreGraphics.framework; path = System/Library/Frameworks/CoreGraphics.framework; sourceTree = SDKROOT; };
		82A8EAF5166F560200E560E9 /* KALayoutHelper.h */ = {isa = PBXFileReference; fileEncoding = 4; lastKnownFileType = sourcecode.c.h; name = KALayoutHelper.h; path = KALayoutHelper/KALayoutHelper.h; sourceTree = SOURCE_ROOT; };
		82A8EB19166F570A00E560E9 /* UIHorizontalLayout.h */ = {isa = PBXFileReference; fileEncoding = 4; lastKnownFileType = sourcecode.c.h; name = UIHorizontalLayout.h; path = KALayoutHelper/UIHorizontalLayout.h; sourceTree = SOURCE_ROOT; };
		82A8EB1A166F570A00E560E9 /* UIHorizontalLayout.m */ = {isa = PBXFileReference; fileEncoding = 4; lastKnownFileType = sourcecode.c.objc; name = UIHorizontalLayout.m; path = KALayoutHelper/UIHorizontalLayout.m; sourceTree = SOURCE_ROOT; };
		82A8EB1B166F570A00E560E9 /* UIVerticalLayout.h */ = {isa = PBXFileReference; fileEncoding = 4; lastKnownFileType = sourcecode.c.h; name = UIVerticalLayout.h; path = KALayoutHelper/UIVerticalLayout.h; sourceTree = SOURCE_ROOT; };
		82A8EB1C166F570A00E560E9 /* UIVerticalLayout.m */ = {isa = PBXFileReference; fileEncoding = 4; lastKnownFileType = sourcecode.c.objc; name = UIVerticalLayout.m; path = KALayoutHelper/UIVerticalLayout.m; sourceTree = SOURCE_ROOT; };
		82A8EB26166F59D100E560E9 /* AppDelegate.h */ = {isa = PBXFileReference; fileEncoding = 4; lastKnownFileType = sourcecode.c.h; name = AppDelegate.h; path = KALayoutHelper/Demo/AppDelegate.h; sourceTree = SOURCE_ROOT; };
		82A8EB27166F59D100E560E9 /* AppDelegate.m */ = {isa = PBXFileReference; fileEncoding = 4; lastKnownFileType = sourcecode.c.objc; name = AppDelegate.m; path = KALayoutHelper/Demo/AppDelegate.m; sourceTree = SOURCE_ROOT; };
		82A8EB2A166F59E700E560E9 /* ViewController.h */ = {isa = PBXFileReference; lastKnownFileType = sourcecode.c.h; name = ViewController.h; path = KALayoutHelper/Demo/ViewController.h; sourceTree = SOURCE_ROOT; };
		82A8EB2B166F59E700E560E9 /* ViewController.m */ = {isa = PBXFileReference; lastKnownFileType = sourcecode.c.objc; name = ViewController.m; path = KALayoutHelper/Demo/ViewController.m; sourceTree = SOURCE_ROOT; };
		82A8EB2D166F59F000E560E9 /* en */ = {isa = PBXFileReference; lastKnownFileType = file.xib; name = en; path = KALayoutHelper/Demo/en.lproj/ViewController.xib; sourceTree = SOURCE_ROOT; };
		82A8EB30166F5A3900E560E9 /* KALayoutHelper-Info.plist */ = {isa = PBXFileReference; fileEncoding = 4; lastKnownFileType = text.plist.xml; name = "KALayoutHelper-Info.plist"; path = "KALayoutHelper/Demo/KALayoutHelper-Info.plist"; sourceTree = SOURCE_ROOT; };
		82A8EB31166F5A3900E560E9 /* KALayoutHelper-Prefix.pch */ = {isa = PBXFileReference; fileEncoding = 4; lastKnownFileType = sourcecode.c.h; name = "KALayoutHelper-Prefix.pch"; path = "KALayoutHelper/Demo/KALayoutHelper-Prefix.pch"; sourceTree = SOURCE_ROOT; };
		82A8EB32166F5A3900E560E9 /* main.m */ = {isa = PBXFileReference; fileEncoding = 4; lastKnownFileType = sourcecode.c.objc; name = main.m; path = KALayoutHelper/Demo/main.m; sourceTree = SOURCE_ROOT; };
		82A8EB35166F5A4C00E560E9 /* Default-568h@2x.png */ = {isa = PBXFileReference; lastKnownFileType = image.png; name = "Default-568h@2x.png"; path = "KALayoutHelper/Demo/Default-568h@2x.png"; sourceTree = "<group>"; };
		82A8EB36166F5A4C00E560E9 /* Default.png */ = {isa = PBXFileReference; lastKnownFileType = image.png; name = Default.png; path = KALayoutHelper/Demo/Default.png; sourceTree = "<group>"; };
		82A8EB37166F5A4C00E560E9 /* Default@2x.png */ = {isa = PBXFileReference; lastKnownFileType = image.png; name = "Default@2x.png"; path = "KALayoutHelper/Demo/Default@2x.png"; sourceTree = "<group>"; };
/* End PBXFileReference section */

/* Begin PBXFrameworksBuildPhase section */
		828A7E2516132EE0002D1F39 /* Frameworks */ = {
			isa = PBXFrameworksBuildPhase;
			buildActionMask = 2147483647;
			files = (
				828A7E2D16132EE0002D1F39 /* UIKit.framework in Frameworks */,
				828A7E2F16132EE0002D1F39 /* Foundation.framework in Frameworks */,
				828A7E3116132EE0002D1F39 /* CoreGraphics.framework in Frameworks */,
			);
			runOnlyForDeploymentPostprocessing = 0;
		};
/* End PBXFrameworksBuildPhase section */

/* Begin PBXGroup section */
		82757E9716132F850046C958 /* Resources */ = {
			isa = PBXGroup;
			children = (
				82A8EB35166F5A4C00E560E9 /* Default-568h@2x.png */,
				82A8EB36166F5A4C00E560E9 /* Default.png */,
				82A8EB37166F5A4C00E560E9 /* Default@2x.png */,
				82757E9B1613370B0046C958 /* star.png */,
			);
			name = Resources;
			sourceTree = "<group>";
		};
		828A7E1D16132EE0002D1F39 = {
			isa = PBXGroup;
			children = (
				828A7E3216132EE0002D1F39 /* KALayoutHelper */,
				82A8EB2F166F59FA00E560E9 /* Demo */,
				828A7E2B16132EE0002D1F39 /* Frameworks */,
				828A7E2916132EE0002D1F39 /* Products */,
			);
			sourceTree = "<group>";
		};
		828A7E2916132EE0002D1F39 /* Products */ = {
			isa = PBXGroup;
			children = (
				828A7E2816132EE0002D1F39 /* KALayoutHelper.app */,
			);
			name = Products;
			sourceTree = "<group>";
		};
		828A7E2B16132EE0002D1F39 /* Frameworks */ = {
			isa = PBXGroup;
			children = (
				828A7E2C16132EE0002D1F39 /* UIKit.framework */,
				828A7E2E16132EE0002D1F39 /* Foundation.framework */,
				828A7E3016132EE0002D1F39 /* CoreGraphics.framework */,
			);
			name = Frameworks;
			sourceTree = "<group>";
		};
		828A7E3216132EE0002D1F39 /* KALayoutHelper */ = {
			isa = PBXGroup;
			children = (
				82A8EAF5166F560200E560E9 /* KALayoutHelper.h */,
				82A8EB19166F570A00E560E9 /* UIHorizontalLayout.h */,
				82A8EB1A166F570A00E560E9 /* UIHorizontalLayout.m */,
				82A8EB1B166F570A00E560E9 /* UIVerticalLayout.h */,
				82A8EB1C166F570A00E560E9 /* UIVerticalLayout.m */,
			);
			name = KALayoutHelper;
			path = ioslayout;
			sourceTree = "<group>";
		};
		828A7E3316132EE0002D1F39 /* Supporting Files */ = {
			isa = PBXGroup;
			children = (
				82A8EB30166F5A3900E560E9 /* KALayoutHelper-Info.plist */,
				82A8EB31166F5A3900E560E9 /* KALayoutHelper-Prefix.pch */,
				82A8EB32166F5A3900E560E9 /* main.m */,
			);
			name = "Supporting Files";
			path = ioslayout;
			sourceTree = "<group>";
		};
		828A7E4F16132EF1002D1F39 /* Controllers */ = {
			isa = PBXGroup;
			children = (
				82A8EB2A166F59E700E560E9 /* ViewController.h */,
				82A8EB2B166F59E700E560E9 /* ViewController.m */,
				82A8EB2C166F59F000E560E9 /* ViewController.xib */,
			);
			name = Controllers;
			path = ioslayout;
			sourceTree = "<group>";
		};
		82A8EB2F166F59FA00E560E9 /* Demo */ = {
			isa = PBXGroup;
			children = (
				82A8EB26166F59D100E560E9 /* AppDelegate.h */,
				82A8EB27166F59D100E560E9 /* AppDelegate.m */,
				828A7E4F16132EF1002D1F39 /* Controllers */,
				82757E9716132F850046C958 /* Resources */,
				828A7E3316132EE0002D1F39 /* Supporting Files */,
			);
			name = Demo;
			sourceTree = "<group>";
		};
/* End PBXGroup section */

/* Begin PBXNativeTarget section */
		828A7E2716132EE0002D1F39 /* KALayoutHelper */ = {
			isa = PBXNativeTarget;
			buildConfigurationList = 828A7E4C16132EE0002D1F39 /* Build configuration list for PBXNativeTarget "KALayoutHelper" */;
			buildPhases = (
				828A7E2416132EE0002D1F39 /* Sources */,
				828A7E2516132EE0002D1F39 /* Frameworks */,
				828A7E2616132EE0002D1F39 /* Resources */,
			);
			buildRules = (
			);
			dependencies = (
			);
			name = KALayoutHelper;
			productName = ioslayout;
			productReference = 828A7E2816132EE0002D1F39 /* KALayoutHelper.app */;
			productType = "com.apple.product-type.application";
		};
/* End PBXNativeTarget section */

/* Begin PBXProject section */
		828A7E1F16132EE0002D1F39 /* Project object */ = {
			isa = PBXProject;
			attributes = {
				LastUpgradeCheck = 0450;
				ORGANIZATIONNAME = "Alexis Creuzot";
			};
			buildConfigurationList = 828A7E2216132EE0002D1F39 /* Build configuration list for PBXProject "KALayoutHelper" */;
			compatibilityVersion = "Xcode 3.2";
			developmentRegion = English;
			hasScannedForEncodings = 0;
			knownRegions = (
				en,
			);
			mainGroup = 828A7E1D16132EE0002D1F39;
			productRefGroup = 828A7E2916132EE0002D1F39 /* Products */;
			projectDirPath = "";
			projectRoot = "";
			targets = (
				828A7E2716132EE0002D1F39 /* KALayoutHelper */,
			);
		};
/* End PBXProject section */

/* Begin PBXResourcesBuildPhase section */
		828A7E2616132EE0002D1F39 /* Resources */ = {
			isa = PBXResourcesBuildPhase;
			buildActionMask = 2147483647;
			files = (
				82A8EB2E166F59F000E560E9 /* ViewController.xib in Resources */,
				82A8EB38166F5A4C00E560E9 /* Default-568h@2x.png in Resources */,
				82A8EB39166F5A4C00E560E9 /* Default.png in Resources */,
				82A8EB3A166F5A4C00E560E9 /* Default@2x.png in Resources */,
				820377E216DCF81600CABAFA /* star.png in Resources */,
			);
			runOnlyForDeploymentPostprocessing = 0;
		};
/* End PBXResourcesBuildPhase section */

/* Begin PBXSourcesBuildPhase section */
		828A7E2416132EE0002D1F39 /* Sources */ = {
			isa = PBXSourcesBuildPhase;
			buildActionMask = 2147483647;
			files = (
				82A8EB1D166F570A00E560E9 /* UIHorizontalLayout.m in Sources */,
				82A8EB1E166F570A00E560E9 /* UIVerticalLayout.m in Sources */,
				82A8EB28166F59D100E560E9 /* AppDelegate.m in Sources */,
				82A8EB3B166F5AE700E560E9 /* ViewController.m in Sources */,
				82A8EB34166F5A3900E560E9 /* main.m in Sources */,
			);
			runOnlyForDeploymentPostprocessing = 0;
		};
/* End PBXSourcesBuildPhase section */

/* Begin PBXVariantGroup section */
		82A8EB2C166F59F000E560E9 /* ViewController.xib */ = {
			isa = PBXVariantGroup;
			children = (
				82A8EB2D166F59F000E560E9 /* en */,
			);
			name = ViewController.xib;
			sourceTree = "<group>";
		};
/* End PBXVariantGroup section */

/* Begin XCBuildConfiguration section */
		828A7E4A16132EE0002D1F39 /* Debug */ = {
			isa = XCBuildConfiguration;
			buildSettings = {
				ALWAYS_SEARCH_USER_PATHS = NO;
				CLANG_CXX_LANGUAGE_STANDARD = "gnu++0x";
				CLANG_CXX_LIBRARY = "libc++";
				CLANG_ENABLE_OBJC_ARC = YES;
				CLANG_WARN_EMPTY_BODY = YES;
				CLANG_WARN__DUPLICATE_METHOD_MATCH = YES;
				"CODE_SIGN_IDENTITY[sdk=iphoneos*]" = "iPhone Developer";
				COPY_PHASE_STRIP = NO;
				GCC_C_LANGUAGE_STANDARD = gnu99;
				GCC_DYNAMIC_NO_PIC = NO;
				GCC_OPTIMIZATION_LEVEL = 0;
				GCC_PREPROCESSOR_DEFINITIONS = (
					"DEBUG=1",
					"$(inherited)",
				);
				GCC_SYMBOLS_PRIVATE_EXTERN = NO;
				GCC_WARN_ABOUT_RETURN_TYPE = YES;
				GCC_WARN_UNINITIALIZED_AUTOS = YES;
				GCC_WARN_UNUSED_VARIABLE = YES;
				IPHONEOS_DEPLOYMENT_TARGET = 6.0;
				SDKROOT = iphoneos;
			};
			name = Debug;
		};
		828A7E4B16132EE0002D1F39 /* Release */ = {
			isa = XCBuildConfiguration;
			buildSettings = {
				ALWAYS_SEARCH_USER_PATHS = NO;
				CLANG_CXX_LANGUAGE_STANDARD = "gnu++0x";
				CLANG_CXX_LIBRARY = "libc++";
				CLANG_ENABLE_OBJC_ARC = YES;
				CLANG_WARN_EMPTY_BODY = YES;
				CLANG_WARN__DUPLICATE_METHOD_MATCH = YES;
				"CODE_SIGN_IDENTITY[sdk=iphoneos*]" = "iPhone Developer";
				COPY_PHASE_STRIP = YES;
				GCC_C_LANGUAGE_STANDARD = gnu99;
				GCC_WARN_ABOUT_RETURN_TYPE = YES;
				GCC_WARN_UNINITIALIZED_AUTOS = YES;
				GCC_WARN_UNUSED_VARIABLE = YES;
				IPHONEOS_DEPLOYMENT_TARGET = 6.0;
				OTHER_CFLAGS = "-DNS_BLOCK_ASSERTIONS=1";
				SDKROOT = iphoneos;
				VALIDATE_PRODUCT = YES;
			};
			name = Release;
		};
		828A7E4D16132EE0002D1F39 /* Debug */ = {
			isa = XCBuildConfiguration;
			buildSettings = {
				GCC_PRECOMPILE_PREFIX_HEADER = YES;
				GCC_PREFIX_HEADER = "KALayoutHelper/Demo/KALayoutHelper-Prefix.pch";
				INFOPLIST_FILE = "KALayoutHelper/Demo/KALayoutHelper-Info.plist";
				PRODUCT_NAME = KALayoutHelper;
				WRAPPER_EXTENSION = app;
			};
			name = Debug;
		};
		828A7E4E16132EE0002D1F39 /* Release */ = {
			isa = XCBuildConfiguration;
			buildSettings = {
				GCC_PRECOMPILE_PREFIX_HEADER = YES;
				GCC_PREFIX_HEADER = "KALayoutHelper/Demo/KALayoutHelper-Prefix.pch";
				INFOPLIST_FILE = "KALayoutHelper/Demo/KALayoutHelper-Info.plist";
				PRODUCT_NAME = KALayoutHelper;
				WRAPPER_EXTENSION = app;
			};
			name = Release;
		};
/* End XCBuildConfiguration section */

/* Begin XCConfigurationList section */
		828A7E2216132EE0002D1F39 /* Build configuration list for PBXProject "KALayoutHelper" */ = {
			isa = XCConfigurationList;
			buildConfigurations = (
				828A7E4A16132EE0002D1F39 /* Debug */,
				828A7E4B16132EE0002D1F39 /* Release */,
			);
			defaultConfigurationIsVisible = 0;
			defaultConfigurationName = Release;
		};
		828A7E4C16132EE0002D1F39 /* Build configuration list for PBXNativeTarget "KALayoutHelper" */ = {
			isa = XCConfigurationList;
			buildConfigurations = (
				828A7E4D16132EE0002D1F39 /* Debug */,
				828A7E4E16132EE0002D1F39 /* Release */,
			);
			defaultConfigurationIsVisible = 0;
			defaultConfigurationName = Release;
		};
/* End XCConfigurationList section */
	};
	rootObject = 828A7E1F16132EE0002D1F39 /* Project object */;
}
